<?xml version="1.0" encoding="utf-8"?>
<Project ToolsVersion="4.0" xmlns="http://schemas.microsoft.com/developer/msbuild/2003">
  <ItemGroup>
    <Filter Include="Source Files">
      <UniqueIdentifier>{4FC737F1-C7A5-4376-A066-2A32D752A2FF}</UniqueIdentifier>
      <Extensions>cpp;c;cc;cxx;c++;def;odl;idl;hpj;bat;asm;asmx</Extensions>
    </Filter>
    <Filter Include="Header Files">
      <UniqueIdentifier>{93995380-89BD-4b04-88EB-625FBE52EBFB}</UniqueIdentifier>
      <Extensions>h;hh;hpp;hxx;h++;hm;inl;inc;ipp;xsd</Extensions>
    </Filter>
    <Filter Include="Resource Files">
      <UniqueIdentifier>{67DA6AB6-F800-4c08-8B7A-83BB121AAD01}</UniqueIdentifier>
      <Extensions>rc;ico;cur;bmp;dlg;rc2;rct;bin;rgs;gif;jpg;jpeg;jpe;resx;tiff;tif;png;wav;mfcribbon-ms</Extensions>
    </Filter>
    <Filter Include="Header Files\Factories">
      <UniqueIdentifier>{75c0ab92-1379-464e-a57f-045c91f85bc0}</UniqueIdentifier>
    </Filter>
    <Filter Include="Header Files\Lib">
      <UniqueIdentifier>{30686e92-4cb1-4204-ae0b-baf67e646ba9}</UniqueIdentifier>
    </Filter>
    <Filter Include="Source Files\Lib">
      <UniqueIdentifier>{50e27c70-2679-4f41-9127-fca2c66989ce}</UniqueIdentifier>
    </Filter>
    <Filter Include="Source Files\Factories">
      <UniqueIdentifier>{3376a196-8303-4613-9721-62f31e746b0d}</UniqueIdentifier>
    </Filter>
    <Filter Include="Source Files\extlibs">
      <UniqueIdentifier>{21e92ac8-8651-4525-8504-dad6004c00e5}</UniqueIdentifier>
    </Filter>
    <Filter Include="Header Files\extlibs">
      <UniqueIdentifier>{960c9e00-f1f6-48ae-8207-b5d38d57c2ee}</UniqueIdentifier>
    </Filter>
    <Filter Include="Header Files\extlibs\tinyxml2">
      <UniqueIdentifier>{7251379e-cf9b-4936-9c11-764842440e5e}</UniqueIdentifier>
    </Filter>
    <Filter Include="Header Files\Lib\tinyxml2">
      <UniqueIdentifier>{6b6658ad-694d-4943-83b8-c9dbd31ca67d}</UniqueIdentifier>
    </Filter>
    <Filter Include="Source Files\extlibs\tinyxml2">
      <UniqueIdentifier>{c88e78b2-a90a-4a1e-b98e-c1fca5aa2a77}</UniqueIdentifier>
    </Filter>
  </ItemGroup>
  <ItemGroup>
    <ClCompile Include="OTRArchive.cpp">
      <Filter>Source Files</Filter>
    </ClCompile>
    <ClCompile Include="OTRMaterial.cpp">
      <Filter>Source Files</Filter>
    </ClCompile>
    <ClCompile Include="OTRModel.cpp">
      <Filter>Source Files</Filter>
    </ClCompile>
    <ClCompile Include="OTRResource.cpp">
      <Filter>Source Files</Filter>
    </ClCompile>
    <ClCompile Include="OTRTexture.cpp">
      <Filter>Source Files</Filter>
    </ClCompile>
    <ClCompile Include="Factories\OTRArchiveFactory.cpp">
      <Filter>Source Files\Factories</Filter>
    </ClCompile>
    <ClCompile Include="Factories\OTRMaterialFactory.cpp">
      <Filter>Source Files\Factories</Filter>
    </ClCompile>
    <ClCompile Include="Factories\OTRResourceLoader.cpp">
      <Filter>Source Files\Factories</Filter>
    </ClCompile>
    <ClCompile Include="OTRScene.cpp">
      <Filter>Source Files</Filter>
    </ClCompile>
    <ClCompile Include="OTRResourceMgr.cpp">
      <Filter>Source Files</Filter>
    </ClCompile>
    <ClCompile Include="OTRDisplayList.cpp">
      <Filter>Source Files</Filter>
    </ClCompile>
    <ClCompile Include="Lib\tinyxml2\tinyxml2.cpp">
      <Filter>Source Files\extlibs\tinyxml2</Filter>
    </ClCompile>
  </ItemGroup>
  <ItemGroup>
    <ClInclude Include="OTRArchive.h">
      <Filter>Header Files</Filter>
    </ClInclude>
    <ClInclude Include="OTRMaterial.h">
      <Filter>Header Files</Filter>
    </ClInclude>
    <ClInclude Include="OTRModel.h">
      <Filter>Header Files</Filter>
    </ClInclude>
    <ClInclude Include="OTRResource.h">
      <Filter>Header Files</Filter>
    </ClInclude>
    <ClInclude Include="OTRTexture.h">
      <Filter>Header Files</Filter>
    </ClInclude>
    <ClInclude Include="Factories\OTRArchiveFactory.h">
      <Filter>Header Files\Factories</Filter>
    </ClInclude>
    <ClInclude Include="Factories\OTRMaterialFactory.h">
      <Filter>Header Files\Factories</Filter>
    </ClInclude>
    <ClInclude Include="Factories\OTRResourceLoader.h">
      <Filter>Header Files\Factories</Filter>
    </ClInclude>
    <ClInclude Include="OTRScene.h">
      <Filter>Header Files</Filter>
    </ClInclude>
    <ClInclude Include="..\lib\tinyxml2\tinyxml2.h">
      <Filter>Header Files\extlibs\tinyxml2</Filter>
    </ClInclude>
    <ClInclude Include="OTRResourceMgr.h">
      <Filter>Header Files</Filter>
    </ClInclude>
    <ClInclude Include="OTRDisplayList.h">
      <Filter>Header Files</Filter>
    </ClInclude>
    <ClInclude Include="Lib\tinyxml2\tinyxml2.h">
      <Filter>Header Files\Lib\tinyxml2</Filter>
    </ClInclude>
  </ItemGroup>
</Project>