<?xml version="1.0" encoding="utf-8"?>
<Project ToolsVersion="4.0" xmlns="http://schemas.microsoft.com/developer/msbuild/2003">
  <ItemGroup>
    <Filter Include="Source Files">
      <UniqueIdentifier>{4FC737F1-C7A5-4376-A066-2A32D752A2FF}</UniqueIdentifier>
      <Extensions>cpp;c;cc;cxx;c++;def;odl;idl;hpj;bat;asm;asmx</Extensions>
    </Filter>
    <Filter Include="Header Files">
      <UniqueIdentifier>{93995380-89BD-4b04-88EB-625FBE52EBFB}</UniqueIdentifier>
      <Extensions>h;hh;hpp;hxx;h++;hm;inl;inc;ipp;xsd</Extensions>
    </Filter>
    <Filter Include="Resource Files">
      <UniqueIdentifier>{67DA6AB6-F800-4c08-8B7A-83BB121AAD01}</UniqueIdentifier>
      <Extensions>rc;ico;cur;bmp;dlg;rc2;rct;bin;rgs;gif;jpg;jpeg;jpe;resx;tiff;tif;png;wav;mfcribbon-ms</Extensions>
    </Filter>
    <Filter Include="Source Files\Lib">
      <UniqueIdentifier>{50e27c70-2679-4f41-9127-fca2c66989ce}</UniqueIdentifier>
    </Filter>
    <Filter Include="Source Files\Lib\Fast3D">
      <UniqueIdentifier>{19d4557f-ea31-4405-88d5-15504070f479}</UniqueIdentifier>
    </Filter>
    <Filter Include="Source Files\Resources">
      <UniqueIdentifier>{12c0e217-75b9-47a5-bc2e-a2ea4e5dd992}</UniqueIdentifier>
    </Filter>
    <Filter Include="Source Files\mpq">
      <UniqueIdentifier>{dde367c4-c14a-4bf3-b6d9-bc0d2d7d34e6}</UniqueIdentifier>
    </Filter>
    <Filter Include="Source Files\Controller">
      <UniqueIdentifier>{bec61d88-f3a8-466d-b3e8-cf2e7d963f1b}</UniqueIdentifier>
    </Filter>
    <Filter Include="Source Files\Controller\Attachment">
      <UniqueIdentifier>{ad191ad0-c9eb-495d-9d45-5d12b9e7c269}</UniqueIdentifier>
    </Filter>
    <Filter Include="Source Files\Globals">
      <UniqueIdentifier>{c0f07350-c627-444e-9f66-23e19407ad9a}</UniqueIdentifier>
    </Filter>
    <Filter Include="Source Files\Config">
      <UniqueIdentifier>{9cf4833f-e90c-4a9d-8747-d47cde657beb}</UniqueIdentifier>
    </Filter>
    <Filter Include="Source Files\Resources\Files">
      <UniqueIdentifier>{2aa34c3b-6148-480f-a4fc-19c4e0f8c822}</UniqueIdentifier>
    </Filter>
    <Filter Include="Source Files\Resources\Files\Factories">
      <UniqueIdentifier>{3376a196-8303-4613-9721-62f31e746b0d}</UniqueIdentifier>
    </Filter>
    <Filter Include="Source Files\Lib\tinyxml2">
      <UniqueIdentifier>{6b6658ad-694d-4943-83b8-c9dbd31ca67d}</UniqueIdentifier>
    </Filter>
    <Filter Include="Header Files\Resources">
      <UniqueIdentifier>{ef3683ce-934c-44c3-ae84-99cf22764875}</UniqueIdentifier>
    </Filter>
    <Filter Include="Header Files\Resources\Files">
      <UniqueIdentifier>{58ff8972-9dba-4719-aec5-6edc5e6b033d}</UniqueIdentifier>
    </Filter>
    <Filter Include="Header Files\Resources\Files\Factories">
      <UniqueIdentifier>{cf7f1b29-bb9a-4844-9ea5-4ac085f942e1}</UniqueIdentifier>
    </Filter>
  </ItemGroup>
  <ItemGroup>
    <ClCompile Include="Factories\MaterialFactory.cpp">
      <Filter>Source Files\Resources\Files\Factories</Filter>
    </ClCompile>
    <ClCompile Include="Factories\ResourceLoader.cpp">
      <Filter>Source Files\Resources\Files\Factories</Filter>
    </ClCompile>
    <ClCompile Include="Lib\Fast3D\gfx_cc.c">
      <Filter>Source Files\Lib\Fast3D</Filter>
    </ClCompile>
    <ClCompile Include="Lib\Fast3D\gfx_opengl.c">
      <Filter>Source Files\Lib\Fast3D</Filter>
    </ClCompile>
    <ClCompile Include="Lib\Fast3D\gfx_pc.c">
      <Filter>Source Files\Lib\Fast3D</Filter>
    </ClCompile>
    <ClCompile Include="Lib\Fast3D\gfx_sdl2.c">
      <Filter>Source Files\Lib\Fast3D</Filter>
    </ClCompile>
    <ClCompile Include="File.cpp">
      <Filter>Source Files\mpq</Filter>
    </ClCompile>
    <ClCompile Include="Archive.cpp">
      <Filter>Source Files\mpq</Filter>
    </ClCompile>
    <ClCompile Include="Lib\StrHash64.cpp">
      <Filter>Source Files\Lib</Filter>
    </ClCompile>
    <ClCompile Include="Lib\tinyxml2\tinyxml2.cpp">
      <Filter>Source Files\Lib</Filter>
    </ClCompile>
    <ClCompile Include="Factories\SceneFactory.cpp">
      <Filter>Source Files\Resources\Files\Factories</Filter>
    </ClCompile>
    <ClCompile Include="Factories\CollisionHeaderFactory.cpp">
      <Filter>Source Files\Resources\Files\Factories</Filter>
    </ClCompile>
    <ClCompile Include="Factories\DisplayListFactory.cpp">
      <Filter>Source Files\Resources\Files\Factories</Filter>
    </ClCompile>
    <ClCompile Include="Factories\PlayerAnimationFactory.cpp">
      <Filter>Source Files\Resources\Files\Factories</Filter>
    </ClCompile>
    <ClCompile Include="Factories\SkeletonFactory.cpp">
      <Filter>Source Files\Resources\Files\Factories</Filter>
    </ClCompile>
    <ClCompile Include="Factories\SkeletonLimbFactory.cpp">
      <Filter>Source Files\Resources\Files\Factories</Filter>
    </ClCompile>
    <ClCompile Include="Controller.cpp">
      <Filter>Source Files\Controller</Filter>
    </ClCompile>
    <ClCompile Include="KeyboardController.cpp">
      <Filter>Source Files\Controller</Filter>
    </ClCompile>
    <ClCompile Include="Window.cpp">
      <Filter>Source Files\Globals</Filter>
    </ClCompile>
    <ClCompile Include="GlobalCtx2.cpp">
      <Filter>Source Files\Globals</Filter>
    </ClCompile>
    <ClCompile Include="WindowShim.c">
      <Filter>Source Files\Globals</Filter>
    </ClCompile>
    <ClCompile Include="ControllerAttachment.cpp">
      <Filter>Source Files\Controller\Attachment</Filter>
    </ClCompile>
    <ClCompile Include="RumblePack.cpp">
      <Filter>Source Files\Controller\Attachment</Filter>
    </ClCompile>
    <ClCompile Include="MemoryPack.cpp">
      <Filter>Source Files\Controller\Attachment</Filter>
    </ClCompile>
    <ClCompile Include="ConfigFile.cpp">
      <Filter>Source Files\Config</Filter>
    </ClCompile>
    <ClCompile Include="CollisionHeader.cpp">
      <Filter>Source Files\Resources\Files</Filter>
    </ClCompile>
    <ClCompile Include="DisplayList.cpp">
      <Filter>Source Files\Resources\Files</Filter>
    </ClCompile>
    <ClCompile Include="Material.cpp">
      <Filter>Source Files\Resources\Files</Filter>
    </ClCompile>
    <ClCompile Include="Model.cpp">
      <Filter>Source Files\Resources\Files</Filter>
    </ClCompile>
    <ClCompile Include="PlayerAnimation.cpp">
      <Filter>Source Files\Resources\Files</Filter>
    </ClCompile>
    <ClCompile Include="Resource.cpp">
      <Filter>Source Files\Resources\Files</Filter>
    </ClCompile>
    <ClCompile Include="Scene.cpp">
      <Filter>Source Files\Resources\Files</Filter>
    </ClCompile>
    <ClCompile Include="Skeleton.cpp">
      <Filter>Source Files\Resources\Files</Filter>
    </ClCompile>
    <ClCompile Include="SkeletonLimb.cpp">
      <Filter>Source Files\Resources\Files</Filter>
    </ClCompile>
    <ClCompile Include="Texture.cpp">
      <Filter>Source Files\Resources\Files</Filter>
    </ClCompile>
    <ClCompile Include="ResourceMgr.cpp">
      <Filter>Source Files\Resources</Filter>
    </ClCompile>
    <ClCompile Include="stox.cpp">
      <Filter>Source Files\Lib</Filter>
    </ClCompile>
    <ClCompile Include="Animation.cpp">
      <Filter>Source Files\Resources\Files</Filter>
    </ClCompile>
    <ClCompile Include="Factories\AnimationFactory.cpp">
      <Filter>Source Files\Resources\Files\Factories</Filter>
    </ClCompile>
    <ClCompile Include="Cutscene.cpp">
      <Filter>Source Files\Resources\Files</Filter>
    </ClCompile>
    <ClCompile Include="Vertex.cpp">
      <Filter>Source Files\Resources\Files</Filter>
    </ClCompile>
    <ClCompile Include="Factories\VtxFactory.cpp">
      <Filter>Source Files\Resources\Files\Factories</Filter>
    </ClCompile>
    <ClCompile Include="SDLController.cpp">
      <Filter>Source Files\Controller</Filter>
    </ClCompile>
    <ClCompile Include="Factories\CutsceneFactory.cpp">
      <Filter>Source Files\Resources\Files\Factories</Filter>
    </ClCompile>
    <ClCompile Include="Path.cpp">
      <Filter>Source Files\Resources\Files</Filter>
    </ClCompile>
    <ClCompile Include="Factories\PathFactory.cpp">
      <Filter>Source Files\Resources\Files\Factories</Filter>
    </ClCompile>
    <ClCompile Include="Array.cpp">
      <Filter>Source Files\Resources\Files</Filter>
    </ClCompile>
    <ClCompile Include="Factories\ArrayFactory.cpp">
      <Filter>Source Files\Resources\Files\Factories</Filter>
    </ClCompile>
  </ItemGroup>
  <ItemGroup>
    <ClInclude Include="Lib\tinyxml2\tinyxml2.h">
      <Filter>Source Files\Lib\tinyxml2</Filter>
    </ClInclude>
    <ClInclude Include="Controller.h">
      <Filter>Source Files\Controller</Filter>
    </ClInclude>
    <ClInclude Include="KeyboardController.h">
      <Filter>Source Files\Controller</Filter>
    </ClInclude>
    <ClInclude Include="Window.h">
      <Filter>Source Files\Globals</Filter>
    </ClInclude>
    <ClInclude Include="GlobalCtx2.h">
      <Filter>Source Files\Globals</Filter>
    </ClInclude>
    <ClInclude Include="Lib\mINI\src\mini\ini.h">
      <Filter>Source Files\Lib</Filter>
    </ClInclude>
    <ClInclude Include="UltraController.h">
      <Filter>Source Files\Controller</Filter>
    </ClInclude>
    <ClInclude Include="ControllerAttachment.h">
      <Filter>Source Files\Controller\Attachment</Filter>
    </ClInclude>
    <ClInclude Include="RumblePack.h">
      <Filter>Source Files\Controller\Attachment</Filter>
    </ClInclude>
    <ClInclude Include="MemoryPack.h">
      <Filter>Source Files\Controller\Attachment</Filter>
    </ClInclude>
    <ClInclude Include="ConfigFile.h">
      <Filter>Source Files\Config</Filter>
    </ClInclude>
    <ClInclude Include="Factories\CollisionHeaderFactory.h">
      <Filter>Source Files\Resources\Files\Factories</Filter>
    </ClInclude>
    <ClInclude Include="Factories\DisplayListFactory.h">
      <Filter>Source Files\Resources\Files\Factories</Filter>
    </ClInclude>
    <ClInclude Include="Factories\MaterialFactory.h">
      <Filter>Source Files\Resources\Files\Factories</Filter>
    </ClInclude>
    <ClInclude Include="Factories\PlayerAnimationFactory.h">
      <Filter>Source Files\Resources\Files\Factories</Filter>
    </ClInclude>
    <ClInclude Include="Factories\ResourceLoader.h">
      <Filter>Source Files\Resources\Files\Factories</Filter>
    </ClInclude>
    <ClInclude Include="Factories\SceneFactory.h">
      <Filter>Source Files\Resources\Files\Factories</Filter>
    </ClInclude>
    <ClInclude Include="Factories\SkeletonFactory.h">
      <Filter>Source Files\Resources\Files\Factories</Filter>
    </ClInclude>
    <ClInclude Include="Factories\SkeletonLimbFactory.h">
      <Filter>Source Files\Resources\Files\Factories</Filter>
    </ClInclude>
    <ClInclude Include="CollisionHeader.h">
      <Filter>Source Files\Resources\Files</Filter>
    </ClInclude>
    <ClInclude Include="DisplayList.h">
      <Filter>Source Files\Resources\Files</Filter>
    </ClInclude>
    <ClInclude Include="Material.h">
      <Filter>Source Files\Resources\Files</Filter>
    </ClInclude>
    <ClInclude Include="Model.h">
      <Filter>Source Files\Resources\Files</Filter>
    </ClInclude>
    <ClInclude Include="PlayerAnimation.h">
      <Filter>Source Files\Resources\Files</Filter>
    </ClInclude>
    <ClInclude Include="Resource.h">
      <Filter>Source Files\Resources\Files</Filter>
    </ClInclude>
    <ClInclude Include="Scene.h">
      <Filter>Source Files\Resources\Files</Filter>
    </ClInclude>
    <ClInclude Include="Skeleton.h">
      <Filter>Source Files\Resources\Files</Filter>
    </ClInclude>
    <ClInclude Include="SkeletonLimb.h">
      <Filter>Source Files\Resources\Files</Filter>
    </ClInclude>
    <ClInclude Include="Texture.h">
      <Filter>Source Files\Resources\Files</Filter>
    </ClInclude>
    <ClInclude Include="ResourceMgr.h">
      <Filter>Source Files\Resources</Filter>
    </ClInclude>
    <ClInclude Include="Archive.h">
      <Filter>Source Files\mpq</Filter>
    </ClInclude>
    <ClInclude Include="File.h">
      <Filter>Source Files\mpq</Filter>
    </ClInclude>
    <ClInclude Include="Lib\Fast3D\gfx_cc.h">
      <Filter>Source Files\Lib\Fast3D</Filter>
    </ClInclude>
    <ClInclude Include="Lib\Fast3D\gfx_opengl.h">
      <Filter>Source Files\Lib\Fast3D</Filter>
    </ClInclude>
    <ClInclude Include="Lib\Fast3D\gfx_pc.h">
      <Filter>Source Files\Lib\Fast3D</Filter>
    </ClInclude>
    <ClInclude Include="Lib\Fast3D\gfx_sdl.h">
      <Filter>Source Files\Lib\Fast3D</Filter>
    </ClInclude>
    <ClInclude Include="Lib\StrHash64.h">
      <Filter>Source Files\Lib</Filter>
    </ClInclude>
    <ClInclude Include="LUSMacros.h">
      <Filter>Source Files\Globals</Filter>
    </ClInclude>
    <ClInclude Include="stox.h">
      <Filter>Source Files\Lib</Filter>
    </ClInclude>
    <ClInclude Include="Factories\CutsceneFactory.h">
      <Filter>Source Files\Resources\Files\Factories</Filter>
    </ClInclude>
    <ClInclude Include="Path.h">
      <Filter>Source Files\Resources\Files</Filter>
    </ClInclude>
    <ClInclude Include="Factories\PathFactory.h">
      <Filter>Source Files\Resources\Files\Factories</Filter>
    </ClInclude>
    <ClInclude Include="SDLController.h">
      <Filter>Source Files\Controller</Filter>
    </ClInclude>
    <ClInclude Include="Array.h">
      <Filter>Source Files\Resources\Files</Filter>
    </ClInclude>
    <ClInclude Include="Factories\ArrayFactory.h">
      <Filter>Source Files\Resources\Files\Factories</Filter>
    </ClInclude>
    <ClInclude Include="Factories\VtxFactory.h">
      <Filter>Source Files\Resources\Files\Factories</Filter>
    </ClInclude>
    <ClInclude Include="Factories\AnimationFactory.h">
      <Filter>Source Files\Resources\Files\Factories</Filter>
    </ClInclude>
    <ClInclude Include="Animation.h">
      <Filter>Source Files\Resources\Files</Filter>
    </ClInclude>
    <ClInclude Include="Vertex.h">
      <Filter>Source Files\Resources\Files</Filter>
    </ClInclude>
    <ClInclude Include="Cutscene.h">
      <Filter>Source Files\Resources\Files</Filter>
    </ClInclude>
  </ItemGroup>
</Project>